// !$*UTF8*$!
{
	archiveVersion = 1;
	classes = {
	};
	objectVersion = 46;
	objects = {

/* Begin PBXBuildFile section */
		3FE81FCB14FDF8B40061445C /* UIKit.framework in Frameworks */ = {isa = PBXBuildFile; fileRef = 3FE81FCA14FDF8B40061445C /* UIKit.framework */; };
		3FE81FCD14FDF8B40061445C /* Foundation.framework in Frameworks */ = {isa = PBXBuildFile; fileRef = 3FE81FCC14FDF8B40061445C /* Foundation.framework */; };
		3FE81FCF14FDF8B40061445C /* CoreGraphics.framework in Frameworks */ = {isa = PBXBuildFile; fileRef = 3FE81FCE14FDF8B40061445C /* CoreGraphics.framework */; };
		3FE81FD514FDF8B40061445C /* InfoPlist.strings in Resources */ = {isa = PBXBuildFile; fileRef = 3FE81FD314FDF8B40061445C /* InfoPlist.strings */; };
		3FE81FD714FDF8B40061445C /* main.m in Sources */ = {isa = PBXBuildFile; fileRef = 3FE81FD614FDF8B40061445C /* main.m */; };
		3FE81FDB14FDF8B40061445C /* AppDelegate.m in Sources */ = {isa = PBXBuildFile; fileRef = 3FE81FDA14FDF8B40061445C /* AppDelegate.m */; };
		3FE81FDE14FDF8B40061445C /* ViewController.m in Sources */ = {isa = PBXBuildFile; fileRef = 3FE81FDD14FDF8B40061445C /* ViewController.m */; };
		3FE81FE114FDF8B40061445C /* ViewController.xib in Resources */ = {isa = PBXBuildFile; fileRef = 3FE81FDF14FDF8B40061445C /* ViewController.xib */; };
/* End PBXBuildFile section */

/* Begin PBXFileReference section */
		3FE81FC614FDF8B40061445C /* PathMap.app */ = {isa = PBXFileReference; explicitFileType = wrapper.application; includeInIndex = 0; path = PathMap.app; sourceTree = BUILT_PRODUCTS_DIR; };
		3FE81FCA14FDF8B40061445C /* UIKit.framework */ = {isa = PBXFileReference; lastKnownFileType = wrapper.framework; name = UIKit.framework; path = System/Library/Frameworks/UIKit.framework; sourceTree = SDKROOT; };
		3FE81FCC14FDF8B40061445C /* Foundation.framework */ = {isa = PBXFileReference; lastKnownFileType = wrapper.framework; name = Foundation.framework; path = System/Library/Frameworks/Foundation.framework; sourceTree = SDKROOT; };
		3FE81FCE14FDF8B40061445C /* CoreGraphics.framework */ = {isa = PBXFileReference; lastKnownFileType = wrapper.framework; name = CoreGraphics.framework; path = System/Library/Frameworks/CoreGraphics.framework; sourceTree = SDKROOT; };
		3FE81FD214FDF8B40061445C /* PathMap-Info.plist */ = {isa = PBXFileReference; path = "PathMap-Info.plist"; sourceTree = "<group>"; };
		3FE81FD414FDF8B40061445C /* en */ = {isa = PBXFileReference; lastKnownFileType = text.plist.strings; name = en; path = en.lproj/InfoPlist.strings; sourceTree = "<group>"; };
		3FE81FD614FDF8B40061445C /* main.m */ = {isa = PBXFileReference; lastKnownFileType = sourcecode.c.objc; path = main.m; sourceTree = "<group>"; };
		3FE81FD814FDF8B40061445C /* PathMap-Prefix.pch */ = {isa = PBXFileReference; path = "PathMap-Prefix.pch"; sourceTree = "<group>"; };
		3FE81FD914FDF8B40061445C /* AppDelegate.h */ = {isa = PBXFileReference; path = AppDelegate.h; sourceTree = "<group>"; };
		3FE81FDA14FDF8B40061445C /* AppDelegate.m */ = {isa = PBXFileReference; lastKnownFileType = sourcecode.c.objc; path = AppDelegate.m; sourceTree = "<group>"; };
		3FE81FDC14FDF8B40061445C /* ViewController.h */ = {isa = PBXFileReference; path = ViewController.h; sourceTree = "<group>"; };
		3FE81FDD14FDF8B40061445C /* ViewController.m */ = {isa = PBXFileReference; lastKnownFileType = sourcecode.c.objc; path = ViewController.m; sourceTree = "<group>"; };
		3FE81FE014FDF8B40061445C /* en */ = {isa = PBXFileReference; lastKnownFileType = file.xib; name = en; path = en.lproj/ViewController.xib; sourceTree = "<group>"; };
/* End PBXFileReference section */

/* Begin PBXFrameworksBuildPhase section */
		3FE81FC314FDF8B40061445C /* Frameworks */ = {
			isa = PBXFrameworksBuildPhase;
			buildActionMask = 2147483647;
			files = (
				3FE81FCB14FDF8B40061445C /* UIKit.framework in Frameworks */,
				3FE81FCD14FDF8B40061445C /* Foundation.framework in Frameworks */,
				3FE81FCF14FDF8B40061445C /* CoreGraphics.framework in Frameworks */,
			);
			runOnlyForDeploymentPostprocessing = 0;
		};
/* End PBXFrameworksBuildPhase section */

/* Begin PBXGroup section */
		3FE81FBB14FDF8B40061445C = {
			isa = PBXGroup;
			children = (
				3FE81FD014FDF8B40061445C /* PathMap */,
				3FE81FC914FDF8B40061445C /* Frameworks */,
				3FE81FC714FDF8B40061445C /* Products */,
			);
			sourceTree = "<group>";
		};
		3FE81FC714FDF8B40061445C /* Products */ = {
			isa = PBXGroup;
			children = (
				3FE81FC614FDF8B40061445C /* PathMap.app */,
			);
			name = Products;
			sourceTree = "<group>";
		};
		3FE81FC914FDF8B40061445C /* Frameworks */ = {
			isa = PBXGroup;
			children = (
				3FE81FCA14FDF8B40061445C /* UIKit.framework */,
				3FE81FCC14FDF8B40061445C /* Foundation.framework */,
				3FE81FCE14FDF8B40061445C /* CoreGraphics.framework */,
			);
			name = Frameworks;
			sourceTree = "<group>";
		};
		3FE81FD014FDF8B40061445C /* PathMap */ = {
			isa = PBXGroup;
			children = (
				3FE81FD914FDF8B40061445C /* AppDelegate.h */,
				3FE81FDA14FDF8B40061445C /* AppDelegate.m */,
				3FE81FDC14FDF8B40061445C /* ViewController.h */,
				3FE81FDD14FDF8B40061445C /* ViewController.m */,
				3FE81FDF14FDF8B40061445C /* ViewController.xib */,
				3FE81FD114FDF8B40061445C /* Supporting Files */,
			);
			path = PathMap;
			sourceTree = "<group>";
		};
		3FE81FD114FDF8B40061445C /* Supporting Files */ = {
			isa = PBXGroup;
			children = (
				3FE81FD214FDF8B40061445C /* PathMap-Info.plist */,
				3FE81FD314FDF8B40061445C /* InfoPlist.strings */,
				3FE81FD614FDF8B40061445C /* main.m */,
				3FE81FD814FDF8B40061445C /* PathMap-Prefix.pch */,
			);
			name = "Supporting Files";
			sourceTree = "<group>";
		};
/* End PBXGroup section */

/* Begin PBXNativeTarget section */
		3FE81FC514FDF8B40061445C /* PathMap */ = {
			isa = PBXNativeTarget;
			buildConfigurationList = 3FE81FE414FDF8B40061445C /* Build configuration list for PBXNativeTarget "PathMap" */;
			buildPhases = (
				3FE81FC214FDF8B40061445C /* Sources */,
				3FE81FC314FDF8B40061445C /* Frameworks */,
				3FE81FC414FDF8B40061445C /* Resources */,
			);
			buildRules = (
			);
			dependencies = (
			);
			name = PathMap;
			productName = PathMap;
			productReference = 3FE81FC614FDF8B40061445C /* PathMap.app */;
			productType = "com.apple.product-type.application";
		};
/* End PBXNativeTarget section */

/* Begin PBXProject section */
		3FE81FBD14FDF8B40061445C /* Project object */ = {
			isa = PBXProject;
			attributes = {
				LastUpgradeCheck = 0420;
			};
			buildConfigurationList = 3FE81FC014FDF8B40061445C /* Build configuration list for PBXProject "PathMap" */;
			compatibilityVersion = "Xcode 3.2";
			developmentRegion = English;
			hasScannedForEncodings = 0;
			knownRegions = (
				en,
			);
			mainGroup = 3FE81FBB14FDF8B40061445C;
			productRefGroup = 3FE81FC714FDF8B40061445C /* Products */;
			projectDirPath = "";
			projectRoot = "";
			targets = (
				3FE81FC514FDF8B40061445C /* PathMap */,
			);
		};
/* End PBXProject section */

/* Begin PBXResourcesBuildPhase section */
		3FE81FC414FDF8B40061445C /* Resources */ = {
			isa = PBXResourcesBuildPhase;
			buildActionMask = 2147483647;
			files = (
				3FE81FD514FDF8B40061445C /* InfoPlist.strings in Resources */,
				3FE81FE114FDF8B40061445C /* ViewController.xib in Resources */,
			);
			runOnlyForDeploymentPostprocessing = 0;
		};
/* End PBXResourcesBuildPhase section */

/* Begin PBXSourcesBuildPhase section */
		3FE81FC214FDF8B40061445C /* Sources */ = {
			isa = PBXSourcesBuildPhase;
			buildActionMask = 2147483647;
			files = (
				3FE81FD714FDF8B40061445C /* main.m in Sources */,
				3FE81FDB14FDF8B40061445C /* AppDelegate.m in Sources */,
				3FE81FDE14FDF8B40061445C /* ViewController.m in Sources */,
			);
			runOnlyForDeploymentPostprocessing = 0;
		};
/* End PBXSourcesBuildPhase section */

/* Begin PBXVariantGroup section */
		3FE81FD314FDF8B40061445C /* InfoPlist.strings */ = {
			isa = PBXVariantGroup;
			children = (
				3FE81FD414FDF8B40061445C /* en */,
			);
			name = InfoPlist.strings;
			sourceTree = "<group>";
		};
		3FE81FDF14FDF8B40061445C /* ViewController.xib */ = {
			isa = PBXVariantGroup;
			children = (
				3FE81FE014FDF8B40061445C /* en */,
			);
			name = ViewController.xib;
			sourceTree = "<group>";
		};
/* End PBXVariantGroup section */

/* Begin XCBuildConfiguration section */
		3FE81FE214FDF8B40061445C /* Debug */ = {
			isa = XCBuildConfiguration;
			buildSettings = {
				ALWAYS_SEARCH_USER_PATHS = NO;
				ARCHS = "$(ARCHS_STANDARD_32_BIT)";
				"CODE_SIGN_IDENTITY[sdk=iphoneos*]" = "iPhone Developer";
				COPY_PHASE_STRIP = NO;
				GCC_C_LANGUAGE_STANDARD = gnu99;
				GCC_DYNAMIC_NO_PIC = NO;
				GCC_OPTIMIZATION_LEVEL = 0;
				GCC_PREPROCESSOR_DEFINITIONS = (
					"DEBUG=1",
					"$(inherited)",
				);
				GCC_SYMBOLS_PRIVATE_EXTERN = NO;
				GCC_VERSION = com.apple.compilers.llvm.clang.1_0;
				GCC_WARN_ABOUT_MISSING_PROTOTYPES = YES;
				GCC_WARN_ABOUT_RETURN_TYPE = YES;
				GCC_WARN_UNUSED_VARIABLE = YES;
				IPHONEOS_DEPLOYMENT_TARGET = 5.0;
				SDKROOT = iphoneos;
			};
			name = Debug;
		};
		3FE81FE314FDF8B40061445C /* Release */ = {
			isa = XCBuildConfiguration;
			buildSettings = {
				ALWAYS_SEARCH_USER_PATHS = NO;
				ARCHS = "$(ARCHS_STANDARD_32_BIT)";
				"CODE_SIGN_IDENTITY[sdk=iphoneos*]" = "iPhone Developer";
				COPY_PHASE_STRIP = YES;
				GCC_C_LANGUAGE_STANDARD = gnu99;
				GCC_VERSION = com.apple.compilers.llvm.clang.1_0;
				GCC_WARN_ABOUT_MISSING_PROTOTYPES = YES;
				GCC_WARN_ABOUT_RETURN_TYPE = YES;
				GCC_WARN_UNUSED_VARIABLE = YES;
				IPHONEOS_DEPLOYMENT_TARGET = 5.0;
				OTHER_CFLAGS = "-DNS_BLOCK_ASSERTIONS=1";
				SDKROOT = iphoneos;
				VALIDATE_PRODUCT = YES;
			};
			name = Release;
		};
		3FE81FE514FDF8B40061445C /* Debug */ = {
			isa = XCBuildConfiguration;
			buildSettings = {
				GCC_PRECOMPILE_PREFIX_HEADER = YES;
				GCC_PREFIX_HEADER = "PathMap/PathMap-Prefix.pch";
				INFOPLIST_FILE = "PathMap/PathMap-Info.plist";
				PRODUCT_NAME = "$(TARGET_NAME)";
				WRAPPER_EXTENSION = app;
			};
			name = Debug;
		};
		3FE81FE614FDF8B40061445C /* Release */ = {
			isa = XCBuildConfiguration;
			buildSettings = {
				GCC_PRECOMPILE_PREFIX_HEADER = YES;
				GCC_PREFIX_HEADER = "PathMap/PathMap-Prefix.pch";
				INFOPLIST_FILE = "PathMap/PathMap-Info.plist";
				PRODUCT_NAME = "$(TARGET_NAME)";
				WRAPPER_EXTENSION = app;
			};
			name = Release;
		};
/* End XCBuildConfiguration section */

/* Begin XCConfigurationList section */
		3FE81FC014FDF8B40061445C /* Build configuration list for PBXProject "PathMap" */ = {
			isa = XCConfigurationList;
			buildConfigurations = (
				3FE81FE214FDF8B40061445C /* Debug */,
				3FE81FE314FDF8B40061445C /* Release */,
			);
			defaultConfigurationIsVisible = 0;
			defaultConfigurationName = Release;
		};
		3FE81FE414FDF8B40061445C /* Build configuration list for PBXNativeTarget "PathMap" */ = {
			isa = XCConfigurationList;
			buildConfigurations = (
				3FE81FE514FDF8B40061445C /* Debug */,
				3FE81FE614FDF8B40061445C /* Release */,
			);
			defaultConfigurationIsVisible = 0;
		};
/* End XCConfigurationList section */
	};
	rootObject = 3FE81FBD14FDF8B40061445C /* Project object */;
}
