// !$*UTF8*$!
{
	archiveVersion = 1;
	classes = {
	};
	objectVersion = 46;
	objects = {

/* Begin PBXBuildFile section */
		3FE9395915A977F6009679D5 /* UIKit.framework in Frameworks */ = {isa = PBXBuildFile; fileRef = 3FE9395815A977F6009679D5 /* UIKit.framework */; };
		3FE9395B15A977F6009679D5 /* Foundation.framework in Frameworks */ = {isa = PBXBuildFile; fileRef = 3FE9395A15A977F6009679D5 /* Foundation.framework */; };
		3FE9395D15A977F6009679D5 /* CoreGraphics.framework in Frameworks */ = {isa = PBXBuildFile; fileRef = 3FE9395C15A977F6009679D5 /* CoreGraphics.framework */; };
		3FE9396315A977F6009679D5 /* InfoPlist.strings in Resources */ = {isa = PBXBuildFile; fileRef = 3FE9396115A977F6009679D5 /* InfoPlist.strings */; };
		3FE9396515A977F6009679D5 /* main.m in Sources */ = {isa = PBXBuildFile; fileRef = 3FE9396415A977F6009679D5 /* main.m */; };
		3FE9396915A977F6009679D5 /* AppDelegate.m in Sources */ = {isa = PBXBuildFile; fileRef = 3FE9396815A977F6009679D5 /* AppDelegate.m */; };
		3FE9396C15A977F6009679D5 /* ViewController.m in Sources */ = {isa = PBXBuildFile; fileRef = 3FE9396B15A977F6009679D5 /* ViewController.m */; };
		3FE9396F15A977F7009679D5 /* ViewController.xib in Resources */ = {isa = PBXBuildFile; fileRef = 3FE9396D15A977F7009679D5 /* ViewController.xib */; };
		3FE9397615A97F53009679D5 /* diablo.png in Resources */ = {isa = PBXBuildFile; fileRef = 3FE9397515A97F53009679D5 /* diablo.png */; };
/* End PBXBuildFile section */

/* Begin PBXFileReference section */
		3FE9395415A977F6009679D5 /* HW7.app */ = {isa = PBXFileReference; explicitFileType = wrapper.application; includeInIndex = 0; path = HW7.app; sourceTree = BUILT_PRODUCTS_DIR; };
		3FE9395815A977F6009679D5 /* UIKit.framework */ = {isa = PBXFileReference; lastKnownFileType = wrapper.framework; name = UIKit.framework; path = System/Library/Frameworks/UIKit.framework; sourceTree = SDKROOT; };
		3FE9395A15A977F6009679D5 /* Foundation.framework */ = {isa = PBXFileReference; lastKnownFileType = wrapper.framework; name = Foundation.framework; path = System/Library/Frameworks/Foundation.framework; sourceTree = SDKROOT; };
		3FE9395C15A977F6009679D5 /* CoreGraphics.framework */ = {isa = PBXFileReference; lastKnownFileType = wrapper.framework; name = CoreGraphics.framework; path = System/Library/Frameworks/CoreGraphics.framework; sourceTree = SDKROOT; };
		3FE9396015A977F6009679D5 /* HW7-Info.plist */ = {isa = PBXFileReference; lastKnownFileType = text.plist.xml; path = "HW7-Info.plist"; sourceTree = "<group>"; };
		3FE9396215A977F6009679D5 /* en */ = {isa = PBXFileReference; lastKnownFileType = text.plist.strings; name = en; path = en.lproj/InfoPlist.strings; sourceTree = "<group>"; };
		3FE9396415A977F6009679D5 /* main.m */ = {isa = PBXFileReference; lastKnownFileType = sourcecode.c.objc; path = main.m; sourceTree = "<group>"; };
		3FE9396615A977F6009679D5 /* HW7-Prefix.pch */ = {isa = PBXFileReference; lastKnownFileType = sourcecode.c.h; path = "HW7-Prefix.pch"; sourceTree = "<group>"; };
		3FE9396715A977F6009679D5 /* AppDelegate.h */ = {isa = PBXFileReference; lastKnownFileType = sourcecode.c.h; path = AppDelegate.h; sourceTree = "<group>"; };
		3FE9396815A977F6009679D5 /* AppDelegate.m */ = {isa = PBXFileReference; lastKnownFileType = sourcecode.c.objc; path = AppDelegate.m; sourceTree = "<group>"; };
		3FE9396A15A977F6009679D5 /* ViewController.h */ = {isa = PBXFileReference; lastKnownFileType = sourcecode.c.h; path = ViewController.h; sourceTree = "<group>"; };
		3FE9396B15A977F6009679D5 /* ViewController.m */ = {isa = PBXFileReference; lastKnownFileType = sourcecode.c.objc; path = ViewController.m; sourceTree = "<group>"; };
		3FE9396E15A977F7009679D5 /* en */ = {isa = PBXFileReference; lastKnownFileType = file.xib; name = en; path = en.lproj/ViewController.xib; sourceTree = "<group>"; };
		3FE9397515A97F53009679D5 /* diablo.png */ = {isa = PBXFileReference; lastKnownFileType = image.png; path = diablo.png; sourceTree = "<group>"; };
/* End PBXFileReference section */

/* Begin PBXFrameworksBuildPhase section */
		3FE9395115A977F6009679D5 /* Frameworks */ = {
			isa = PBXFrameworksBuildPhase;
			buildActionMask = 2147483647;
			files = (
				3FE9395915A977F6009679D5 /* UIKit.framework in Frameworks */,
				3FE9395B15A977F6009679D5 /* Foundation.framework in Frameworks */,
				3FE9395D15A977F6009679D5 /* CoreGraphics.framework in Frameworks */,
			);
			runOnlyForDeploymentPostprocessing = 0;
		};
/* End PBXFrameworksBuildPhase section */

/* Begin PBXGroup section */
		3FE9394915A977F6009679D5 = {
			isa = PBXGroup;
			children = (
				3FE9395E15A977F6009679D5 /* HW7 */,
				3FE9395715A977F6009679D5 /* Frameworks */,
				3FE9395515A977F6009679D5 /* Products */,
			);
			sourceTree = "<group>";
		};
		3FE9395515A977F6009679D5 /* Products */ = {
			isa = PBXGroup;
			children = (
				3FE9395415A977F6009679D5 /* HW7.app */,
			);
			name = Products;
			sourceTree = "<group>";
		};
		3FE9395715A977F6009679D5 /* Frameworks */ = {
			isa = PBXGroup;
			children = (
				3FE9395815A977F6009679D5 /* UIKit.framework */,
				3FE9395A15A977F6009679D5 /* Foundation.framework */,
				3FE9395C15A977F6009679D5 /* CoreGraphics.framework */,
			);
			name = Frameworks;
			sourceTree = "<group>";
		};
		3FE9395E15A977F6009679D5 /* HW7 */ = {
			isa = PBXGroup;
			children = (
				3FE9396715A977F6009679D5 /* AppDelegate.h */,
				3FE9396815A977F6009679D5 /* AppDelegate.m */,
				3FE9396A15A977F6009679D5 /* ViewController.h */,
				3FE9396B15A977F6009679D5 /* ViewController.m */,
				3FE9396D15A977F7009679D5 /* ViewController.xib */,
				3FE9395F15A977F6009679D5 /* Supporting Files */,
			);
			path = HW7;
			sourceTree = "<group>";
		};
		3FE9395F15A977F6009679D5 /* Supporting Files */ = {
			isa = PBXGroup;
			children = (
				3FE9397515A97F53009679D5 /* diablo.png */,
				3FE9396015A977F6009679D5 /* HW7-Info.plist */,
				3FE9396115A977F6009679D5 /* InfoPlist.strings */,
				3FE9396415A977F6009679D5 /* main.m */,
				3FE9396615A977F6009679D5 /* HW7-Prefix.pch */,
			);
			name = "Supporting Files";
			sourceTree = "<group>";
		};
/* End PBXGroup section */

/* Begin PBXNativeTarget section */
		3FE9395315A977F6009679D5 /* HW7 */ = {
			isa = PBXNativeTarget;
			buildConfigurationList = 3FE9397215A977F7009679D5 /* Build configuration list for PBXNativeTarget "HW7" */;
			buildPhases = (
				3FE9395015A977F6009679D5 /* Sources */,
				3FE9395115A977F6009679D5 /* Frameworks */,
				3FE9395215A977F6009679D5 /* Resources */,
			);
			buildRules = (
			);
			dependencies = (
			);
			name = HW7;
			productName = HW7;
			productReference = 3FE9395415A977F6009679D5 /* HW7.app */;
			productType = "com.apple.product-type.application";
		};
/* End PBXNativeTarget section */

/* Begin PBXProject section */
		3FE9394B15A977F6009679D5 /* Project object */ = {
			isa = PBXProject;
			attributes = {
				LastUpgradeCheck = 0430;
			};
			buildConfigurationList = 3FE9394E15A977F6009679D5 /* Build configuration list for PBXProject "HW7" */;
			compatibilityVersion = "Xcode 3.2";
			developmentRegion = English;
			hasScannedForEncodings = 0;
			knownRegions = (
				en,
			);
			mainGroup = 3FE9394915A977F6009679D5;
			productRefGroup = 3FE9395515A977F6009679D5 /* Products */;
			projectDirPath = "";
			projectRoot = "";
			targets = (
				3FE9395315A977F6009679D5 /* HW7 */,
			);
		};
/* End PBXProject section */

/* Begin PBXResourcesBuildPhase section */
		3FE9395215A977F6009679D5 /* Resources */ = {
			isa = PBXResourcesBuildPhase;
			buildActionMask = 2147483647;
			files = (
				3FE9396315A977F6009679D5 /* InfoPlist.strings in Resources */,
				3FE9396F15A977F7009679D5 /* ViewController.xib in Resources */,
				3FE9397615A97F53009679D5 /* diablo.png in Resources */,
			);
			runOnlyForDeploymentPostprocessing = 0;
		};
/* End PBXResourcesBuildPhase section */

/* Begin PBXSourcesBuildPhase section */
		3FE9395015A977F6009679D5 /* Sources */ = {
			isa = PBXSourcesBuildPhase;
			buildActionMask = 2147483647;
			files = (
				3FE9396515A977F6009679D5 /* main.m in Sources */,
				3FE9396915A977F6009679D5 /* AppDelegate.m in Sources */,
				3FE9396C15A977F6009679D5 /* ViewController.m in Sources */,
			);
			runOnlyForDeploymentPostprocessing = 0;
		};
/* End PBXSourcesBuildPhase section */

/* Begin PBXVariantGroup section */
		3FE9396115A977F6009679D5 /* InfoPlist.strings */ = {
			isa = PBXVariantGroup;
			children = (
				3FE9396215A977F6009679D5 /* en */,
			);
			name = InfoPlist.strings;
			sourceTree = "<group>";
		};
		3FE9396D15A977F7009679D5 /* ViewController.xib */ = {
			isa = PBXVariantGroup;
			children = (
				3FE9396E15A977F7009679D5 /* en */,
			);
			name = ViewController.xib;
			sourceTree = "<group>";
		};
/* End PBXVariantGroup section */

/* Begin XCBuildConfiguration section */
		3FE9397015A977F7009679D5 /* Debug */ = {
			isa = XCBuildConfiguration;
			buildSettings = {
				ALWAYS_SEARCH_USER_PATHS = NO;
				ARCHS = "$(ARCHS_STANDARD_32_BIT)";
				CLANG_ENABLE_OBJC_ARC = YES;
				"CODE_SIGN_IDENTITY[sdk=iphoneos*]" = "iPhone Developer";
				COPY_PHASE_STRIP = NO;
				GCC_C_LANGUAGE_STANDARD = gnu99;
				GCC_DYNAMIC_NO_PIC = NO;
				GCC_OPTIMIZATION_LEVEL = 0;
				GCC_PREPROCESSOR_DEFINITIONS = (
					"DEBUG=1",
					"$(inherited)",
				);
				GCC_SYMBOLS_PRIVATE_EXTERN = NO;
				GCC_VERSION = com.apple.compilers.llvm.clang.1_0;
				GCC_WARN_ABOUT_RETURN_TYPE = YES;
				GCC_WARN_UNINITIALIZED_AUTOS = YES;
				GCC_WARN_UNUSED_VARIABLE = YES;
				IPHONEOS_DEPLOYMENT_TARGET = 5.1;
				SDKROOT = iphoneos;
			};
			name = Debug;
		};
		3FE9397115A977F7009679D5 /* Release */ = {
			isa = XCBuildConfiguration;
			buildSettings = {
				ALWAYS_SEARCH_USER_PATHS = NO;
				ARCHS = "$(ARCHS_STANDARD_32_BIT)";
				CLANG_ENABLE_OBJC_ARC = YES;
				"CODE_SIGN_IDENTITY[sdk=iphoneos*]" = "iPhone Developer";
				COPY_PHASE_STRIP = YES;
				GCC_C_LANGUAGE_STANDARD = gnu99;
				GCC_VERSION = com.apple.compilers.llvm.clang.1_0;
				GCC_WARN_ABOUT_RETURN_TYPE = YES;
				GCC_WARN_UNINITIALIZED_AUTOS = YES;
				GCC_WARN_UNUSED_VARIABLE = YES;
				IPHONEOS_DEPLOYMENT_TARGET = 5.1;
				OTHER_CFLAGS = "-DNS_BLOCK_ASSERTIONS=1";
				SDKROOT = iphoneos;
				VALIDATE_PRODUCT = YES;
			};
			name = Release;
		};
		3FE9397315A977F7009679D5 /* Debug */ = {
			isa = XCBuildConfiguration;
			buildSettings = {
				GCC_PRECOMPILE_PREFIX_HEADER = YES;
				GCC_PREFIX_HEADER = "HW7/HW7-Prefix.pch";
				INFOPLIST_FILE = "HW7/HW7-Info.plist";
				PRODUCT_NAME = "$(TARGET_NAME)";
				WRAPPER_EXTENSION = app;
			};
			name = Debug;
		};
		3FE9397415A977F7009679D5 /* Release */ = {
			isa = XCBuildConfiguration;
			buildSettings = {
				GCC_PRECOMPILE_PREFIX_HEADER = YES;
				GCC_PREFIX_HEADER = "HW7/HW7-Prefix.pch";
				INFOPLIST_FILE = "HW7/HW7-Info.plist";
				PRODUCT_NAME = "$(TARGET_NAME)";
				WRAPPER_EXTENSION = app;
			};
			name = Release;
		};
/* End XCBuildConfiguration section */

/* Begin XCConfigurationList section */
		3FE9394E15A977F6009679D5 /* Build configuration list for PBXProject "HW7" */ = {
			isa = XCConfigurationList;
			buildConfigurations = (
				3FE9397015A977F7009679D5 /* Debug */,
				3FE9397115A977F7009679D5 /* Release */,
			);
			defaultConfigurationIsVisible = 0;
			defaultConfigurationName = Release;
		};
		3FE9397215A977F7009679D5 /* Build configuration list for PBXNativeTarget "HW7" */ = {
			isa = XCConfigurationList;
			buildConfigurations = (
				3FE9397315A977F7009679D5 /* Debug */,
				3FE9397415A977F7009679D5 /* Release */,
			);
			defaultConfigurationIsVisible = 0;
		};
/* End XCConfigurationList section */
	};
	rootObject = 3FE9394B15A977F6009679D5 /* Project object */;
}
